
Microsoft Visual Studio Solution File, Format Version 12.00
# Visual Studio Version 17
VisualStudioVersion = 17.7.34024.191
MinimumVisualStudioVersion = 10.0.40219.1
Project("{9A19103F-16F7-4668-BE54-9A1E7A4F7556}") = "DateTime_Class", "DateTime_Class\DateTime_Class.csproj", "{3AAF0CA5-47BA-426D-B95D-15A7FD3855BA}"
EndProject
Project("{9A19103F-16F7-4668-BE54-9A1E7A4F7556}") = "Rectangle_Class", "Rectangle_Class\Rectangle_Class.csproj", "{CF2C6F5C-822D-4A0E-84F8-EC878018773B}"
EndProject
Project("{9A19103F-16F7-4668-BE54-9A1E7A4F7556}") = "Overloading", "Overloading\Overloading.csproj", "{33644968-A299-421C-AAEF-2FA0C1B1307D}"
EndProject
Project("{FAE04EC0-301F-11D3-BF4B-00C04F79EFBC}") = "Object Initializers", "Object Initializers\Object Initializers.csproj", "{473D8EB0-1A65-42BD-B418-B40F42FA1D8A}"
EndProject
Global
	GlobalSection(SolutionConfigurationPlatforms) = preSolution
		Debug|Any CPU = Debug|Any CPU
		Release|Any CPU = Release|Any CPU
	EndGlobalSection
	GlobalSection(ProjectConfigurationPlatforms) = postSolution
		{3AAF0CA5-47BA-426D-B95D-15A7FD3855BA}.Debug|Any CPU.ActiveCfg = Debug|Any CPU
		{3AAF0CA5-47BA-426D-B95D-15A7FD3855BA}.Debug|Any CPU.Build.0 = Debug|Any CPU
		{3AAF0CA5-47BA-426D-B95D-15A7FD3855BA}.Release|Any CPU.ActiveCfg = Release|Any CPU
		{3AAF0CA5-47BA-426D-B95D-15A7FD3855BA}.Release|Any CPU.Build.0 = Release|Any CPU
		{CF2C6F5C-822D-4A0E-84F8-EC878018773B}.Debug|Any CPU.ActiveCfg = Debug|Any CPU
		{CF2C6F5C-822D-4A0E-84F8-EC878018773B}.Debug|Any CPU.Build.0 = Debug|Any CPU
		{CF2C6F5C-822D-4A0E-84F8-EC878018773B}.Release|Any CPU.ActiveCfg = Release|Any CPU
		{CF2C6F5C-822D-4A0E-84F8-EC878018773B}.Release|Any CPU.Build.0 = Release|Any CPU
		{33644968-A299-421C-AAEF-2FA0C1B1307D}.Debug|Any CPU.ActiveCfg = Debug|Any CPU
		{33644968-A299-421C-AAEF-2FA0C1B1307D}.Debug|Any CPU.Build.0 = Debug|Any CPU
		{33644968-A299-421C-AAEF-2FA0C1B1307D}.Release|Any CPU.ActiveCfg = Release|Any CPU
		{33644968-A299-421C-AAEF-2FA0C1B1307D}.Release|Any CPU.Build.0 = Release|Any CPU
		{473D8EB0-1A65-42BD-B418-B40F42FA1D8A}.Debug|Any CPU.ActiveCfg = Debug|Any CPU
		{473D8EB0-1A65-42BD-B418-B40F42FA1D8A}.Debug|Any CPU.Build.0 = Debug|Any CPU
		{473D8EB0-1A65-42BD-B418-B40F42FA1D8A}.Release|Any CPU.ActiveCfg = Release|Any CPU
		{473D8EB0-1A65-42BD-B418-B40F42FA1D8A}.Release|Any CPU.Build.0 = Release|Any CPU
	EndGlobalSection
	GlobalSection(SolutionProperties) = preSolution
		HideSolutionNode = FALSE
	EndGlobalSection
	GlobalSection(ExtensibilityGlobals) = postSolution
		SolutionGuid = {FDB793DB-95EB-4870-983B-211F4E7745B5}
	EndGlobalSection
EndGlobal
